// !$*UTF8*$!
{
	archiveVersion = 1;
	classes = {
	};
	objectVersion = 51;
	objects = {

/* Begin PBXBuildFile section */
		22CB24BC38BE8E8A98F92D87 /* Pods_Flix_FlixUITests.framework in Frameworks */ = {isa = PBXBuildFile; fileRef = F7044A5C3D875AF18126724C /* Pods_Flix_FlixUITests.framework */; };
		798D032E66214A24CDDB5AEF /* Pods_Flix.framework in Frameworks */ = {isa = PBXBuildFile; fileRef = 9D1517E264FB25FB1B8E3356 /* Pods_Flix.framework */; };
		BE0121B3BB0C0CB5E486090A /* Pods_FlixTests.framework in Frameworks */ = {isa = PBXBuildFile; fileRef = 487A44A9843DCC3D7C618560 /* Pods_FlixTests.framework */; };
		F648771E2685AE4D00184FDD /* MoviesGridViewController.m in Sources */ = {isa = PBXBuildFile; fileRef = F648771D2685AE4D00184FDD /* MoviesGridViewController.m */; };
		F64877212686416800184FDD /* MovieCollectionCell.m in Sources */ = {isa = PBXBuildFile; fileRef = F64877202686416800184FDD /* MovieCollectionCell.m */; };
		F64877232686A61500184FDD /* ezgif.com-gif-maker (1).gif in Resources */ = {isa = PBXBuildFile; fileRef = F64877222686A61500184FDD /* ezgif.com-gif-maker (1).gif */; };
		F64877252686D01A00184FDD /* ezgif.com-gif-maker.gif in Resources */ = {isa = PBXBuildFile; fileRef = F64877242686D01A00184FDD /* ezgif.com-gif-maker.gif */; };
		F6F393CD268391DF002BCD4E /* AppDelegate.m in Sources */ = {isa = PBXBuildFile; fileRef = F6F393CC268391DF002BCD4E /* AppDelegate.m */; };
		F6F393D0268391DF002BCD4E /* SceneDelegate.m in Sources */ = {isa = PBXBuildFile; fileRef = F6F393CF268391DF002BCD4E /* SceneDelegate.m */; };
		F6F393D6268391DF002BCD4E /* Main.storyboard in Resources */ = {isa = PBXBuildFile; fileRef = F6F393D4268391DF002BCD4E /* Main.storyboard */; };
		F6F393D8268391E1002BCD4E /* Assets.xcassets in Resources */ = {isa = PBXBuildFile; fileRef = F6F393D7268391E1002BCD4E /* Assets.xcassets */; };
		F6F393DB268391E1002BCD4E /* LaunchScreen.storyboard in Resources */ = {isa = PBXBuildFile; fileRef = F6F393D9268391E1002BCD4E /* LaunchScreen.storyboard */; };
		F6F393DE268391E1002BCD4E /* main.m in Sources */ = {isa = PBXBuildFile; fileRef = F6F393DD268391E1002BCD4E /* main.m */; };
		F6F393E8268391E1002BCD4E /* FlixTests.m in Sources */ = {isa = PBXBuildFile; fileRef = F6F393E7268391E1002BCD4E /* FlixTests.m */; };
		F6F393F3268391E1002BCD4E /* FlixUITests.m in Sources */ = {isa = PBXBuildFile; fileRef = F6F393F2268391E1002BCD4E /* FlixUITests.m */; };
		F6F3940226839A9B002BCD4E /* MoviesViewController.m in Sources */ = {isa = PBXBuildFile; fileRef = F6F3940126839A9B002BCD4E /* MoviesViewController.m */; };
		F6F394082683C74C002BCD4E /* MovieCell.m in Sources */ = {isa = PBXBuildFile; fileRef = F6F394072683C74C002BCD4E /* MovieCell.m */; };
		F6F3940B2683E28D002BCD4E /* DetailsViewController.m in Sources */ = {isa = PBXBuildFile; fileRef = F6F3940A2683E28D002BCD4E /* DetailsViewController.m */; };
/* End PBXBuildFile section */

/* Begin PBXContainerItemProxy section */
		F6F393E4268391E1002BCD4E /* PBXContainerItemProxy */ = {
			isa = PBXContainerItemProxy;
			containerPortal = F6F393C0268391DF002BCD4E /* Project object */;
			proxyType = 1;
			remoteGlobalIDString = F6F393C7268391DF002BCD4E;
			remoteInfo = Flix;
		};
		F6F393EF268391E1002BCD4E /* PBXContainerItemProxy */ = {
			isa = PBXContainerItemProxy;
			containerPortal = F6F393C0268391DF002BCD4E /* Project object */;
			proxyType = 1;
			remoteGlobalIDString = F6F393C7268391DF002BCD4E;
			remoteInfo = Flix;
		};
/* End PBXContainerItemProxy section */

/* Begin PBXFileReference section */
		45DEDA2D3B1F9C7BC16FE79F /* Pods-Flix.debug.xcconfig */ = {isa = PBXFileReference; includeInIndex = 1; lastKnownFileType = text.xcconfig; name = "Pods-Flix.debug.xcconfig"; path = "Target Support Files/Pods-Flix/Pods-Flix.debug.xcconfig"; sourceTree = "<group>"; };
		487A44A9843DCC3D7C618560 /* Pods_FlixTests.framework */ = {isa = PBXFileReference; explicitFileType = wrapper.framework; includeInIndex = 0; path = Pods_FlixTests.framework; sourceTree = BUILT_PRODUCTS_DIR; };
		81C48C5275C87332E3FE2398 /* Pods-Flix-FlixUITests.release.xcconfig */ = {isa = PBXFileReference; includeInIndex = 1; lastKnownFileType = text.xcconfig; name = "Pods-Flix-FlixUITests.release.xcconfig"; path = "Target Support Files/Pods-Flix-FlixUITests/Pods-Flix-FlixUITests.release.xcconfig"; sourceTree = "<group>"; };
		9D1517E264FB25FB1B8E3356 /* Pods_Flix.framework */ = {isa = PBXFileReference; explicitFileType = wrapper.framework; includeInIndex = 0; path = Pods_Flix.framework; sourceTree = BUILT_PRODUCTS_DIR; };
		B52ADF8C0F421AD61A579071 /* Pods-FlixTests.debug.xcconfig */ = {isa = PBXFileReference; includeInIndex = 1; lastKnownFileType = text.xcconfig; name = "Pods-FlixTests.debug.xcconfig"; path = "Target Support Files/Pods-FlixTests/Pods-FlixTests.debug.xcconfig"; sourceTree = "<group>"; };
		BB08271027AFED6584E05CA7 /* Pods-Flix.release.xcconfig */ = {isa = PBXFileReference; includeInIndex = 1; lastKnownFileType = text.xcconfig; name = "Pods-Flix.release.xcconfig"; path = "Target Support Files/Pods-Flix/Pods-Flix.release.xcconfig"; sourceTree = "<group>"; };
		CD86375AE3603E555A0C72E7 /* Pods-FlixTests.release.xcconfig */ = {isa = PBXFileReference; includeInIndex = 1; lastKnownFileType = text.xcconfig; name = "Pods-FlixTests.release.xcconfig"; path = "Target Support Files/Pods-FlixTests/Pods-FlixTests.release.xcconfig"; sourceTree = "<group>"; };
		DBFD4D04B863845B7B0A53EA /* Pods-Flix-FlixUITests.debug.xcconfig */ = {isa = PBXFileReference; includeInIndex = 1; lastKnownFileType = text.xcconfig; name = "Pods-Flix-FlixUITests.debug.xcconfig"; path = "Target Support Files/Pods-Flix-FlixUITests/Pods-Flix-FlixUITests.debug.xcconfig"; sourceTree = "<group>"; };
		F648771C2685AE4D00184FDD /* MoviesGridViewController.h */ = {isa = PBXFileReference; lastKnownFileType = sourcecode.c.h; path = MoviesGridViewController.h; sourceTree = "<group>"; };
		F648771D2685AE4D00184FDD /* MoviesGridViewController.m */ = {isa = PBXFileReference; lastKnownFileType = sourcecode.c.objc; path = MoviesGridViewController.m; sourceTree = "<group>"; };
		F648771F2686416800184FDD /* MovieCollectionCell.h */ = {isa = PBXFileReference; lastKnownFileType = sourcecode.c.h; path = MovieCollectionCell.h; sourceTree = "<group>"; };
		F64877202686416800184FDD /* MovieCollectionCell.m */ = {isa = PBXFileReference; lastKnownFileType = sourcecode.c.objc; path = MovieCollectionCell.m; sourceTree = "<group>"; };
		F64877222686A61500184FDD /* ezgif.com-gif-maker (1).gif */ = {isa = PBXFileReference; lastKnownFileType = image.gif; name = "ezgif.com-gif-maker (1).gif"; path = "../../../../../Downloads/ezgif.com-gif-maker (1).gif"; sourceTree = "<group>"; };
		F64877242686D01A00184FDD /* ezgif.com-gif-maker.gif */ = {isa = PBXFileReference; lastKnownFileType = image.gif; name = "ezgif.com-gif-maker.gif"; path = "../../../../../Downloads/ezgif.com-gif-maker.gif"; sourceTree = "<group>"; };
		F6F393C8268391DF002BCD4E /* Flix.app */ = {isa = PBXFileReference; explicitFileType = wrapper.application; includeInIndex = 0; path = Flix.app; sourceTree = BUILT_PRODUCTS_DIR; };
		F6F393CB268391DF002BCD4E /* AppDelegate.h */ = {isa = PBXFileReference; lastKnownFileType = sourcecode.c.h; path = AppDelegate.h; sourceTree = "<group>"; };
		F6F393CC268391DF002BCD4E /* AppDelegate.m */ = {isa = PBXFileReference; lastKnownFileType = sourcecode.c.objc; path = AppDelegate.m; sourceTree = "<group>"; };
		F6F393CE268391DF002BCD4E /* SceneDelegate.h */ = {isa = PBXFileReference; lastKnownFileType = sourcecode.c.h; path = SceneDelegate.h; sourceTree = "<group>"; };
		F6F393CF268391DF002BCD4E /* SceneDelegate.m */ = {isa = PBXFileReference; lastKnownFileType = sourcecode.c.objc; path = SceneDelegate.m; sourceTree = "<group>"; };
		F6F393D5268391DF002BCD4E /* Base */ = {isa = PBXFileReference; lastKnownFileType = file.storyboard; name = Base; path = Base.lproj/Main.storyboard; sourceTree = "<group>"; };
		F6F393D7268391E1002BCD4E /* Assets.xcassets */ = {isa = PBXFileReference; lastKnownFileType = folder.assetcatalog; path = Assets.xcassets; sourceTree = "<group>"; };
		F6F393DA268391E1002BCD4E /* Base */ = {isa = PBXFileReference; lastKnownFileType = file.storyboard; name = Base; path = Base.lproj/LaunchScreen.storyboard; sourceTree = "<group>"; };
		F6F393DC268391E1002BCD4E /* Info.plist */ = {isa = PBXFileReference; lastKnownFileType = text.plist.xml; path = Info.plist; sourceTree = "<group>"; };
		F6F393DD268391E1002BCD4E /* main.m */ = {isa = PBXFileReference; lastKnownFileType = sourcecode.c.objc; path = main.m; sourceTree = "<group>"; };
		F6F393E3268391E1002BCD4E /* FlixTests.xctest */ = {isa = PBXFileReference; explicitFileType = wrapper.cfbundle; includeInIndex = 0; path = FlixTests.xctest; sourceTree = BUILT_PRODUCTS_DIR; };
		F6F393E7268391E1002BCD4E /* FlixTests.m */ = {isa = PBXFileReference; lastKnownFileType = sourcecode.c.objc; path = FlixTests.m; sourceTree = "<group>"; };
		F6F393E9268391E1002BCD4E /* Info.plist */ = {isa = PBXFileReference; lastKnownFileType = text.plist.xml; path = Info.plist; sourceTree = "<group>"; };
		F6F393EE268391E1002BCD4E /* FlixUITests.xctest */ = {isa = PBXFileReference; explicitFileType = wrapper.cfbundle; includeInIndex = 0; path = FlixUITests.xctest; sourceTree = BUILT_PRODUCTS_DIR; };
		F6F393F2268391E1002BCD4E /* FlixUITests.m */ = {isa = PBXFileReference; lastKnownFileType = sourcecode.c.objc; path = FlixUITests.m; sourceTree = "<group>"; };
		F6F393F4268391E1002BCD4E /* Info.plist */ = {isa = PBXFileReference; lastKnownFileType = text.plist.xml; path = Info.plist; sourceTree = "<group>"; };
		F6F3940026839A9B002BCD4E /* MoviesViewController.h */ = {isa = PBXFileReference; lastKnownFileType = sourcecode.c.h; path = MoviesViewController.h; sourceTree = "<group>"; };
		F6F3940126839A9B002BCD4E /* MoviesViewController.m */ = {isa = PBXFileReference; lastKnownFileType = sourcecode.c.objc; path = MoviesViewController.m; sourceTree = "<group>"; };
		F6F394062683C74C002BCD4E /* MovieCell.h */ = {isa = PBXFileReference; lastKnownFileType = sourcecode.c.h; path = MovieCell.h; sourceTree = "<group>"; };
		F6F394072683C74C002BCD4E /* MovieCell.m */ = {isa = PBXFileReference; lastKnownFileType = sourcecode.c.objc; path = MovieCell.m; sourceTree = "<group>"; };
		F6F394092683E28D002BCD4E /* DetailsViewController.h */ = {isa = PBXFileReference; lastKnownFileType = sourcecode.c.h; path = DetailsViewController.h; sourceTree = "<group>"; };
		F6F3940A2683E28D002BCD4E /* DetailsViewController.m */ = {isa = PBXFileReference; lastKnownFileType = sourcecode.c.objc; path = DetailsViewController.m; sourceTree = "<group>"; };
		F7044A5C3D875AF18126724C /* Pods_Flix_FlixUITests.framework */ = {isa = PBXFileReference; explicitFileType = wrapper.framework; includeInIndex = 0; path = Pods_Flix_FlixUITests.framework; sourceTree = BUILT_PRODUCTS_DIR; };
/* End PBXFileReference section */

/* Begin PBXFrameworksBuildPhase section */
		F6F393C5268391DF002BCD4E /* Frameworks */ = {
			isa = PBXFrameworksBuildPhase;
			buildActionMask = 2147483647;
			files = (
				798D032E66214A24CDDB5AEF /* Pods_Flix.framework in Frameworks */,
			);
			runOnlyForDeploymentPostprocessing = 0;
		};
		F6F393E0268391E1002BCD4E /* Frameworks */ = {
			isa = PBXFrameworksBuildPhase;
			buildActionMask = 2147483647;
			files = (
				BE0121B3BB0C0CB5E486090A /* Pods_FlixTests.framework in Frameworks */,
			);
			runOnlyForDeploymentPostprocessing = 0;
		};
		F6F393EB268391E1002BCD4E /* Frameworks */ = {
			isa = PBXFrameworksBuildPhase;
			buildActionMask = 2147483647;
			files = (
				22CB24BC38BE8E8A98F92D87 /* Pods_Flix_FlixUITests.framework in Frameworks */,
			);
			runOnlyForDeploymentPostprocessing = 0;
		};
/* End PBXFrameworksBuildPhase section */

/* Begin PBXGroup section */
		7A589CEAA538A5C3D8B665BB /* Pods */ = {
			isa = PBXGroup;
			children = (
				45DEDA2D3B1F9C7BC16FE79F /* Pods-Flix.debug.xcconfig */,
				BB08271027AFED6584E05CA7 /* Pods-Flix.release.xcconfig */,
				DBFD4D04B863845B7B0A53EA /* Pods-Flix-FlixUITests.debug.xcconfig */,
				81C48C5275C87332E3FE2398 /* Pods-Flix-FlixUITests.release.xcconfig */,
				B52ADF8C0F421AD61A579071 /* Pods-FlixTests.debug.xcconfig */,
				CD86375AE3603E555A0C72E7 /* Pods-FlixTests.release.xcconfig */,
			);
			path = Pods;
			sourceTree = "<group>";
		};
		E97A538A1252C7F2E330C059 /* Frameworks */ = {
			isa = PBXGroup;
			children = (
				9D1517E264FB25FB1B8E3356 /* Pods_Flix.framework */,
				F7044A5C3D875AF18126724C /* Pods_Flix_FlixUITests.framework */,
				487A44A9843DCC3D7C618560 /* Pods_FlixTests.framework */,
			);
			name = Frameworks;
			sourceTree = "<group>";
		};
		F6F393BF268391DF002BCD4E = {
			isa = PBXGroup;
			children = (
				F6F393CA268391DF002BCD4E /* Flix */,
				F6F393E6268391E1002BCD4E /* FlixTests */,
				F6F393F1268391E1002BCD4E /* FlixUITests */,
				F6F393C9268391DF002BCD4E /* Products */,
				7A589CEAA538A5C3D8B665BB /* Pods */,
				E97A538A1252C7F2E330C059 /* Frameworks */,
			);
			sourceTree = "<group>";
		};
		F6F393C9268391DF002BCD4E /* Products */ = {
			isa = PBXGroup;
			children = (
				F6F393C8268391DF002BCD4E /* Flix.app */,
				F6F393E3268391E1002BCD4E /* FlixTests.xctest */,
				F6F393EE268391E1002BCD4E /* FlixUITests.xctest */,
			);
			name = Products;
			sourceTree = "<group>";
		};
		F6F393CA268391DF002BCD4E /* Flix */ = {
			isa = PBXGroup;
			children = (
				F64877242686D01A00184FDD /* ezgif.com-gif-maker.gif */,
				F64877222686A61500184FDD /* ezgif.com-gif-maker (1).gif */,
				F6F3940526839C53002BCD4E /* Models */,
				F6F3940426839C4E002BCD4E /* Views */,
				F6F3940326839C48002BCD4E /* View Controllers */,
				F6F393CB268391DF002BCD4E /* AppDelegate.h */,
				F6F393CC268391DF002BCD4E /* AppDelegate.m */,
				F6F393CE268391DF002BCD4E /* SceneDelegate.h */,
				F6F393CF268391DF002BCD4E /* SceneDelegate.m */,
				F6F393D4268391DF002BCD4E /* Main.storyboard */,
				F6F393D7268391E1002BCD4E /* Assets.xcassets */,
				F6F393D9268391E1002BCD4E /* LaunchScreen.storyboard */,
				F6F393DC268391E1002BCD4E /* Info.plist */,
				F6F393DD268391E1002BCD4E /* main.m */,
			);
			path = Flix;
			sourceTree = "<group>";
		};
		F6F393E6268391E1002BCD4E /* FlixTests */ = {
			isa = PBXGroup;
			children = (
				F6F393E7268391E1002BCD4E /* FlixTests.m */,
				F6F393E9268391E1002BCD4E /* Info.plist */,
			);
			path = FlixTests;
			sourceTree = "<group>";
		};
		F6F393F1268391E1002BCD4E /* FlixUITests */ = {
			isa = PBXGroup;
			children = (
				F6F393F2268391E1002BCD4E /* FlixUITests.m */,
				F6F393F4268391E1002BCD4E /* Info.plist */,
			);
			path = FlixUITests;
			sourceTree = "<group>";
		};
		F6F3940326839C48002BCD4E /* View Controllers */ = {
			isa = PBXGroup;
			children = (
				F6F3940026839A9B002BCD4E /* MoviesViewController.h */,
				F6F3940126839A9B002BCD4E /* MoviesViewController.m */,
				F6F394092683E28D002BCD4E /* DetailsViewController.h */,
				F6F3940A2683E28D002BCD4E /* DetailsViewController.m */,
				F648771C2685AE4D00184FDD /* MoviesGridViewController.h */,
				F648771D2685AE4D00184FDD /* MoviesGridViewController.m */,
			);
			path = "View Controllers";
			sourceTree = "<group>";
		};
		F6F3940426839C4E002BCD4E /* Views */ = {
			isa = PBXGroup;
			children = (
				F6F394062683C74C002BCD4E /* MovieCell.h */,
				F6F394072683C74C002BCD4E /* MovieCell.m */,
				F648771F2686416800184FDD /* MovieCollectionCell.h */,
				F64877202686416800184FDD /* MovieCollectionCell.m */,
			);
			path = Views;
			sourceTree = "<group>";
		};
		F6F3940526839C53002BCD4E /* Models */ = {
			isa = PBXGroup;
			children = (
			);
			path = Models;
			sourceTree = "<group>";
		};
/* End PBXGroup section */

/* Begin PBXNativeTarget section */
		F6F393C7268391DF002BCD4E /* Flix */ = {
			isa = PBXNativeTarget;
			buildConfigurationList = F6F393F7268391E1002BCD4E /* Build configuration list for PBXNativeTarget "Flix" */;
			buildPhases = (
				4AC2929CC8C467CC86AD192F /* [CP] Check Pods Manifest.lock */,
				F6F393C4268391DF002BCD4E /* Sources */,
				F6F393C5268391DF002BCD4E /* Frameworks */,
				F6F393C6268391DF002BCD4E /* Resources */,
				8DC6B2931D12A00DEDE88418 /* [CP] Embed Pods Frameworks */,
			);
			buildRules = (
			);
			dependencies = (
			);
			name = Flix;
			productName = Flix;
			productReference = F6F393C8268391DF002BCD4E /* Flix.app */;
			productType = "com.apple.product-type.application";
		};
		F6F393E2268391E1002BCD4E /* FlixTests */ = {
			isa = PBXNativeTarget;
			buildConfigurationList = F6F393FA268391E1002BCD4E /* Build configuration list for PBXNativeTarget "FlixTests" */;
			buildPhases = (
				C27E76D0D9430EA9A35C410B /* [CP] Check Pods Manifest.lock */,
				F6F393DF268391E1002BCD4E /* Sources */,
				F6F393E0268391E1002BCD4E /* Frameworks */,
				F6F393E1268391E1002BCD4E /* Resources */,
			);
			buildRules = (
			);
			dependencies = (
				F6F393E5268391E1002BCD4E /* PBXTargetDependency */,
			);
			name = FlixTests;
			productName = FlixTests;
			productReference = F6F393E3268391E1002BCD4E /* FlixTests.xctest */;
			productType = "com.apple.product-type.bundle.unit-test";
		};
		F6F393ED268391E1002BCD4E /* FlixUITests */ = {
			isa = PBXNativeTarget;
			buildConfigurationList = F6F393FD268391E1002BCD4E /* Build configuration list for PBXNativeTarget "FlixUITests" */;
			buildPhases = (
				47C48F839672FE2F4DEADA7B /* [CP] Check Pods Manifest.lock */,
				F6F393EA268391E1002BCD4E /* Sources */,
				F6F393EB268391E1002BCD4E /* Frameworks */,
				F6F393EC268391E1002BCD4E /* Resources */,
				253A7951B6AFD3856417006B /* [CP] Embed Pods Frameworks */,
			);
			buildRules = (
			);
			dependencies = (
				F6F393F0268391E1002BCD4E /* PBXTargetDependency */,
			);
			name = FlixUITests;
			productName = FlixUITests;
			productReference = F6F393EE268391E1002BCD4E /* FlixUITests.xctest */;
			productType = "com.apple.product-type.bundle.ui-testing";
		};
/* End PBXNativeTarget section */

/* Begin PBXProject section */
		F6F393C0268391DF002BCD4E /* Project object */ = {
			isa = PBXProject;
			attributes = {
				LastUpgradeCheck = 1250;
				TargetAttributes = {
					F6F393C7268391DF002BCD4E = {
						CreatedOnToolsVersion = 12.5.1;
					};
					F6F393E2268391E1002BCD4E = {
						CreatedOnToolsVersion = 12.5.1;
						TestTargetID = F6F393C7268391DF002BCD4E;
					};
					F6F393ED268391E1002BCD4E = {
						CreatedOnToolsVersion = 12.5.1;
						TestTargetID = F6F393C7268391DF002BCD4E;
					};
				};
			};
			buildConfigurationList = F6F393C3268391DF002BCD4E /* Build configuration list for PBXProject "Flix" */;
			compatibilityVersion = "Xcode 9.3";
			developmentRegion = en;
			hasScannedForEncodings = 0;
			knownRegions = (
				en,
				Base,
			);
			mainGroup = F6F393BF268391DF002BCD4E;
			productRefGroup = F6F393C9268391DF002BCD4E /* Products */;
			projectDirPath = "";
			projectRoot = "";
			targets = (
				F6F393C7268391DF002BCD4E /* Flix */,
				F6F393E2268391E1002BCD4E /* FlixTests */,
				F6F393ED268391E1002BCD4E /* FlixUITests */,
			);
		};
/* End PBXProject section */

/* Begin PBXResourcesBuildPhase section */
		F6F393C6268391DF002BCD4E /* Resources */ = {
			isa = PBXResourcesBuildPhase;
			buildActionMask = 2147483647;
			files = (
				F64877252686D01A00184FDD /* ezgif.com-gif-maker.gif in Resources */,
				F6F393DB268391E1002BCD4E /* LaunchScreen.storyboard in Resources */,
				F6F393D8268391E1002BCD4E /* Assets.xcassets in Resources */,
				F6F393D6268391DF002BCD4E /* Main.storyboard in Resources */,
				F64877232686A61500184FDD /* ezgif.com-gif-maker (1).gif in Resources */,
			);
			runOnlyForDeploymentPostprocessing = 0;
		};
		F6F393E1268391E1002BCD4E /* Resources */ = {
			isa = PBXResourcesBuildPhase;
			buildActionMask = 2147483647;
			files = (
			);
			runOnlyForDeploymentPostprocessing = 0;
		};
		F6F393EC268391E1002BCD4E /* Resources */ = {
			isa = PBXResourcesBuildPhase;
			buildActionMask = 2147483647;
			files = (
			);
			runOnlyForDeploymentPostprocessing = 0;
		};
/* End PBXResourcesBuildPhase section */

/* Begin PBXShellScriptBuildPhase section */
		253A7951B6AFD3856417006B /* [CP] Embed Pods Frameworks */ = {
			isa = PBXShellScriptBuildPhase;
			buildActionMask = 2147483647;
			files = (
			);
			inputFileListPaths = (
				"${PODS_ROOT}/Target Support Files/Pods-Flix-FlixUITests/Pods-Flix-FlixUITests-frameworks-${CONFIGURATION}-input-files.xcfilelist",
			);
			name = "[CP] Embed Pods Frameworks";
			outputFileListPaths = (
				"${PODS_ROOT}/Target Support Files/Pods-Flix-FlixUITests/Pods-Flix-FlixUITests-frameworks-${CONFIGURATION}-output-files.xcfilelist",
			);
			runOnlyForDeploymentPostprocessing = 0;
			shellPath = /bin/sh;
			shellScript = "\"${PODS_ROOT}/Target Support Files/Pods-Flix-FlixUITests/Pods-Flix-FlixUITests-frameworks.sh\"\n";
			showEnvVarsInLog = 0;
		};
		47C48F839672FE2F4DEADA7B /* [CP] Check Pods Manifest.lock */ = {
			isa = PBXShellScriptBuildPhase;
			buildActionMask = 2147483647;
			files = (
			);
			inputFileListPaths = (
			);
			inputPaths = (
				"${PODS_PODFILE_DIR_PATH}/Podfile.lock",
				"${PODS_ROOT}/Manifest.lock",
			);
			name = "[CP] Check Pods Manifest.lock";
			outputFileListPaths = (
			);
			outputPaths = (
				"$(DERIVED_FILE_DIR)/Pods-Flix-FlixUITests-checkManifestLockResult.txt",
			);
			runOnlyForDeploymentPostprocessing = 0;
			shellPath = /bin/sh;
			shellScript = "diff \"${PODS_PODFILE_DIR_PATH}/Podfile.lock\" \"${PODS_ROOT}/Manifest.lock\" > /dev/null\nif [ $? != 0 ] ; then\n    # print error to STDERR\n    echo \"error: The sandbox is not in sync with the Podfile.lock. Run 'pod install' or update your CocoaPods installation.\" >&2\n    exit 1\nfi\n# This output is used by Xcode 'outputs' to avoid re-running this script phase.\necho \"SUCCESS\" > \"${SCRIPT_OUTPUT_FILE_0}\"\n";
			showEnvVarsInLog = 0;
		};
		4AC2929CC8C467CC86AD192F /* [CP] Check Pods Manifest.lock */ = {
			isa = PBXShellScriptBuildPhase;
			buildActionMask = 2147483647;
			files = (
			);
			inputFileListPaths = (
			);
			inputPaths = (
				"${PODS_PODFILE_DIR_PATH}/Podfile.lock",
				"${PODS_ROOT}/Manifest.lock",
			);
			name = "[CP] Check Pods Manifest.lock";
			outputFileListPaths = (
			);
			outputPaths = (
				"$(DERIVED_FILE_DIR)/Pods-Flix-checkManifestLockResult.txt",
			);
			runOnlyForDeploymentPostprocessing = 0;
			shellPath = /bin/sh;
			shellScript = "diff \"${PODS_PODFILE_DIR_PATH}/Podfile.lock\" \"${PODS_ROOT}/Manifest.lock\" > /dev/null\nif [ $? != 0 ] ; then\n    # print error to STDERR\n    echo \"error: The sandbox is not in sync with the Podfile.lock. Run 'pod install' or update your CocoaPods installation.\" >&2\n    exit 1\nfi\n# This output is used by Xcode 'outputs' to avoid re-running this script phase.\necho \"SUCCESS\" > \"${SCRIPT_OUTPUT_FILE_0}\"\n";
			showEnvVarsInLog = 0;
		};
		8DC6B2931D12A00DEDE88418 /* [CP] Embed Pods Frameworks */ = {
			isa = PBXShellScriptBuildPhase;
			buildActionMask = 2147483647;
			files = (
			);
			inputFileListPaths = (
				"${PODS_ROOT}/Target Support Files/Pods-Flix/Pods-Flix-frameworks-${CONFIGURATION}-input-files.xcfilelist",
			);
			name = "[CP] Embed Pods Frameworks";
			outputFileListPaths = (
				"${PODS_ROOT}/Target Support Files/Pods-Flix/Pods-Flix-frameworks-${CONFIGURATION}-output-files.xcfilelist",
			);
			runOnlyForDeploymentPostprocessing = 0;
			shellPath = /bin/sh;
			shellScript = "\"${PODS_ROOT}/Target Support Files/Pods-Flix/Pods-Flix-frameworks.sh\"\n";
			showEnvVarsInLog = 0;
		};
		C27E76D0D9430EA9A35C410B /* [CP] Check Pods Manifest.lock */ = {
			isa = PBXShellScriptBuildPhase;
			buildActionMask = 2147483647;
			files = (
			);
			inputFileListPaths = (
			);
			inputPaths = (
				"${PODS_PODFILE_DIR_PATH}/Podfile.lock",
				"${PODS_ROOT}/Manifest.lock",
			);
			name = "[CP] Check Pods Manifest.lock";
			outputFileListPaths = (
			);
			outputPaths = (
				"$(DERIVED_FILE_DIR)/Pods-FlixTests-checkManifestLockResult.txt",
			);
			runOnlyForDeploymentPostprocessing = 0;
			shellPath = /bin/sh;
			shellScript = "diff \"${PODS_PODFILE_DIR_PATH}/Podfile.lock\" \"${PODS_ROOT}/Manifest.lock\" > /dev/null\nif [ $? != 0 ] ; then\n    # print error to STDERR\n    echo \"error: The sandbox is not in sync with the Podfile.lock. Run 'pod install' or update your CocoaPods installation.\" >&2\n    exit 1\nfi\n# This output is used by Xcode 'outputs' to avoid re-running this script phase.\necho \"SUCCESS\" > \"${SCRIPT_OUTPUT_FILE_0}\"\n";
			showEnvVarsInLog = 0;
		};
/* End PBXShellScriptBuildPhase section */

/* Begin PBXSourcesBuildPhase section */
		F6F393C4268391DF002BCD4E /* Sources */ = {
			isa = PBXSourcesBuildPhase;
			buildActionMask = 2147483647;
			files = (
				F6F393CD268391DF002BCD4E /* AppDelegate.m in Sources */,
				F6F394082683C74C002BCD4E /* MovieCell.m in Sources */,
				F6F3940226839A9B002BCD4E /* MoviesViewController.m in Sources */,
				F6F3940B2683E28D002BCD4E /* DetailsViewController.m in Sources */,
				F64877212686416800184FDD /* MovieCollectionCell.m in Sources */,
				F6F393DE268391E1002BCD4E /* main.m in Sources */,
				F6F393D0268391DF002BCD4E /* SceneDelegate.m in Sources */,
				F648771E2685AE4D00184FDD /* MoviesGridViewController.m in Sources */,
			);
			runOnlyForDeploymentPostprocessing = 0;
		};
		F6F393DF268391E1002BCD4E /* Sources */ = {
			isa = PBXSourcesBuildPhase;
			buildActionMask = 2147483647;
			files = (
				F6F393E8268391E1002BCD4E /* FlixTests.m in Sources */,
			);
			runOnlyForDeploymentPostprocessing = 0;
		};
		F6F393EA268391E1002BCD4E /* Sources */ = {
			isa = PBXSourcesBuildPhase;
			buildActionMask = 2147483647;
			files = (
				F6F393F3268391E1002BCD4E /* FlixUITests.m in Sources */,
			);
			runOnlyForDeploymentPostprocessing = 0;
		};
/* End PBXSourcesBuildPhase section */

/* Begin PBXTargetDependency section */
		F6F393E5268391E1002BCD4E /* PBXTargetDependency */ = {
			isa = PBXTargetDependency;
			target = F6F393C7268391DF002BCD4E /* Flix */;
			targetProxy = F6F393E4268391E1002BCD4E /* PBXContainerItemProxy */;
		};
		F6F393F0268391E1002BCD4E /* PBXTargetDependency */ = {
			isa = PBXTargetDependency;
			target = F6F393C7268391DF002BCD4E /* Flix */;
			targetProxy = F6F393EF268391E1002BCD4E /* PBXContainerItemProxy */;
		};
/* End PBXTargetDependency section */

/* Begin PBXVariantGroup section */
		F6F393D4268391DF002BCD4E /* Main.storyboard */ = {
			isa = PBXVariantGroup;
			children = (
				F6F393D5268391DF002BCD4E /* Base */,
			);
			name = Main.storyboard;
			sourceTree = "<group>";
		};
		F6F393D9268391E1002BCD4E /* LaunchScreen.storyboard */ = {
			isa = PBXVariantGroup;
			children = (
				F6F393DA268391E1002BCD4E /* Base */,
			);
			name = LaunchScreen.storyboard;
			sourceTree = "<group>";
		};
/* End PBXVariantGroup section */

/* Begin XCBuildConfiguration section */
		F6F393F5268391E1002BCD4E /* Debug */ = {
			isa = XCBuildConfiguration;
			buildSettings = {
				ALWAYS_SEARCH_USER_PATHS = NO;
				CLANG_ANALYZER_NONNULL = YES;
				CLANG_ANALYZER_NUMBER_OBJECT_CONVERSION = YES_AGGRESSIVE;
				CLANG_CXX_LANGUAGE_STANDARD = "gnu++14";
				CLANG_CXX_LIBRARY = "libc++";
				CLANG_ENABLE_MODULES = YES;
				CLANG_ENABLE_OBJC_ARC = YES;
				CLANG_ENABLE_OBJC_WEAK = YES;
				CLANG_WARN_BLOCK_CAPTURE_AUTORELEASING = YES;
				CLANG_WARN_BOOL_CONVERSION = YES;
				CLANG_WARN_COMMA = YES;
				CLANG_WARN_CONSTANT_CONVERSION = YES;
				CLANG_WARN_DEPRECATED_OBJC_IMPLEMENTATIONS = YES;
				CLANG_WARN_DIRECT_OBJC_ISA_USAGE = YES_ERROR;
				CLANG_WARN_DOCUMENTATION_COMMENTS = YES;
				CLANG_WARN_EMPTY_BODY = YES;
				CLANG_WARN_ENUM_CONVERSION = YES;
				CLANG_WARN_INFINITE_RECURSION = YES;
				CLANG_WARN_INT_CONVERSION = YES;
				CLANG_WARN_NON_LITERAL_NULL_CONVERSION = YES;
				CLANG_WARN_OBJC_IMPLICIT_RETAIN_SELF = YES;
				CLANG_WARN_OBJC_LITERAL_CONVERSION = YES;
				CLANG_WARN_OBJC_ROOT_CLASS = YES_ERROR;
				CLANG_WARN_QUOTED_INCLUDE_IN_FRAMEWORK_HEADER = YES;
				CLANG_WARN_RANGE_LOOP_ANALYSIS = YES;
				CLANG_WARN_STRICT_PROTOTYPES = YES;
				CLANG_WARN_SUSPICIOUS_MOVE = YES;
				CLANG_WARN_UNGUARDED_AVAILABILITY = YES_AGGRESSIVE;
				CLANG_WARN_UNREACHABLE_CODE = YES;
				CLANG_WARN__DUPLICATE_METHOD_MATCH = YES;
				COPY_PHASE_STRIP = NO;
				DEBUG_INFORMATION_FORMAT = dwarf;
				ENABLE_STRICT_OBJC_MSGSEND = YES;
				ENABLE_TESTABILITY = YES;
				GCC_C_LANGUAGE_STANDARD = gnu11;
				GCC_DYNAMIC_NO_PIC = NO;
				GCC_NO_COMMON_BLOCKS = YES;
				GCC_OPTIMIZATION_LEVEL = 0;
				GCC_PREPROCESSOR_DEFINITIONS = (
					"DEBUG=1",
					"$(inherited)",
				);
				GCC_WARN_64_TO_32_BIT_CONVERSION = YES;
				GCC_WARN_ABOUT_RETURN_TYPE = YES_ERROR;
				GCC_WARN_UNDECLARED_SELECTOR = YES;
				GCC_WARN_UNINITIALIZED_AUTOS = YES_AGGRESSIVE;
				GCC_WARN_UNUSED_FUNCTION = YES;
				GCC_WARN_UNUSED_VARIABLE = YES;
				IPHONEOS_DEPLOYMENT_TARGET = 14.5;
				MTL_ENABLE_DEBUG_INFO = INCLUDE_SOURCE;
				MTL_FAST_MATH = YES;
				ONLY_ACTIVE_ARCH = YES;
				SDKROOT = iphoneos;
			};
			name = Debug;
		};
		F6F393F6268391E1002BCD4E /* Release */ = {
			isa = XCBuildConfiguration;
			buildSettings = {
				ALWAYS_SEARCH_USER_PATHS = NO;
				CLANG_ANALYZER_NONNULL = YES;
				CLANG_ANALYZER_NUMBER_OBJECT_CONVERSION = YES_AGGRESSIVE;
				CLANG_CXX_LANGUAGE_STANDARD = "gnu++14";
				CLANG_CXX_LIBRARY = "libc++";
				CLANG_ENABLE_MODULES = YES;
				CLANG_ENABLE_OBJC_ARC = YES;
				CLANG_ENABLE_OBJC_WEAK = YES;
				CLANG_WARN_BLOCK_CAPTURE_AUTORELEASING = YES;
				CLANG_WARN_BOOL_CONVERSION = YES;
				CLANG_WARN_COMMA = YES;
				CLANG_WARN_CONSTANT_CONVERSION = YES;
				CLANG_WARN_DEPRECATED_OBJC_IMPLEMENTATIONS = YES;
				CLANG_WARN_DIRECT_OBJC_ISA_USAGE = YES_ERROR;
				CLANG_WARN_DOCUMENTATION_COMMENTS = YES;
				CLANG_WARN_EMPTY_BODY = YES;
				CLANG_WARN_ENUM_CONVERSION = YES;
				CLANG_WARN_INFINITE_RECURSION = YES;
				CLANG_WARN_INT_CONVERSION = YES;
				CLANG_WARN_NON_LITERAL_NULL_CONVERSION = YES;
				CLANG_WARN_OBJC_IMPLICIT_RETAIN_SELF = YES;
				CLANG_WARN_OBJC_LITERAL_CONVERSION = YES;
				CLANG_WARN_OBJC_ROOT_CLASS = YES_ERROR;
				CLANG_WARN_QUOTED_INCLUDE_IN_FRAMEWORK_HEADER = YES;
				CLANG_WARN_RANGE_LOOP_ANALYSIS = YES;
				CLANG_WARN_STRICT_PROTOTYPES = YES;
				CLANG_WARN_SUSPICIOUS_MOVE = YES;
				CLANG_WARN_UNGUARDED_AVAILABILITY = YES_AGGRESSIVE;
				CLANG_WARN_UNREACHABLE_CODE = YES;
				CLANG_WARN__DUPLICATE_METHOD_MATCH = YES;
				COPY_PHASE_STRIP = NO;
				DEBUG_INFORMATION_FORMAT = "dwarf-with-dsym";
				ENABLE_NS_ASSERTIONS = NO;
				ENABLE_STRICT_OBJC_MSGSEND = YES;
				GCC_C_LANGUAGE_STANDARD = gnu11;
				GCC_NO_COMMON_BLOCKS = YES;
				GCC_WARN_64_TO_32_BIT_CONVERSION = YES;
				GCC_WARN_ABOUT_RETURN_TYPE = YES_ERROR;
				GCC_WARN_UNDECLARED_SELECTOR = YES;
				GCC_WARN_UNINITIALIZED_AUTOS = YES_AGGRESSIVE;
				GCC_WARN_UNUSED_FUNCTION = YES;
				GCC_WARN_UNUSED_VARIABLE = YES;
				IPHONEOS_DEPLOYMENT_TARGET = 14.5;
				MTL_ENABLE_DEBUG_INFO = NO;
				MTL_FAST_MATH = YES;
				SDKROOT = iphoneos;
				VALIDATE_PRODUCT = YES;
			};
			name = Release;
		};
		F6F393F8268391E1002BCD4E /* Debug */ = {
			isa = XCBuildConfiguration;
			baseConfigurationReference = 45DEDA2D3B1F9C7BC16FE79F /* Pods-Flix.debug.xcconfig */;
			buildSettings = {
				ASSETCATALOG_COMPILER_APPICON_NAME = AppIcon;
				ASSETCATALOG_COMPILER_GLOBAL_ACCENT_COLOR_NAME = AccentColor;
				CODE_SIGN_STYLE = Automatic;
				DEVELOPMENT_TEAM = XU4A9HU47G;
				INFOPLIST_FILE = Flix/Info.plist;
				LD_RUNPATH_SEARCH_PATHS = (
					"$(inherited)",
					"@executable_path/Frameworks",
				);
				PRODUCT_BUNDLE_IDENTIFIER = com.aalonge725.Flix5;
				PRODUCT_NAME = "$(TARGET_NAME)";
				TARGETED_DEVICE_FAMILY = "1,2";
			};
			name = Debug;
		};
		F6F393F9268391E1002BCD4E /* Release */ = {
			isa = XCBuildConfiguration;
			baseConfigurationReference = BB08271027AFED6584E05CA7 /* Pods-Flix.release.xcconfig */;
			buildSettings = {
				ASSETCATALOG_COMPILER_APPICON_NAME = AppIcon;
				ASSETCATALOG_COMPILER_GLOBAL_ACCENT_COLOR_NAME = AccentColor;
				CODE_SIGN_STYLE = Automatic;
				DEVELOPMENT_TEAM = XU4A9HU47G;
				INFOPLIST_FILE = Flix/Info.plist;
				LD_RUNPATH_SEARCH_PATHS = (
					"$(inherited)",
					"@executable_path/Frameworks",
				);
				PRODUCT_BUNDLE_IDENTIFIER = com.aalonge725.Flix5;
				PRODUCT_NAME = "$(TARGET_NAME)";
				TARGETED_DEVICE_FAMILY = "1,2";
			};
			name = Release;
		};
		F6F393FB268391E1002BCD4E /* Debug */ = {
			isa = XCBuildConfiguration;
			baseConfigurationReference = B52ADF8C0F421AD61A579071 /* Pods-FlixTests.debug.xcconfig */;
			buildSettings = {
				BUNDLE_LOADER = "$(TEST_HOST)";
				CODE_SIGN_STYLE = Automatic;
				DEVELOPMENT_TEAM = XU4A9HU47G;
				INFOPLIST_FILE = FlixTests/Info.plist;
				IPHONEOS_DEPLOYMENT_TARGET = 14.5;
				LD_RUNPATH_SEARCH_PATHS = (
					"$(inherited)",
					"@executable_path/Frameworks",
					"@loader_path/Frameworks",
				);
				PRODUCT_BUNDLE_IDENTIFIER = com.aalonge725.FlixTests;
				PRODUCT_NAME = "$(TARGET_NAME)";
				TARGETED_DEVICE_FAMILY = "1,2";
				TEST_HOST = "$(BUILT_PRODUCTS_DIR)/Flix.app/Flix";
			};
			name = Debug;
		};
		F6F393FC268391E1002BCD4E /* Release */ = {
			isa = XCBuildConfiguration;
			baseConfigurationReference = CD86375AE3603E555A0C72E7 /* Pods-FlixTests.release.xcconfig */;
			buildSettings = {
				BUNDLE_LOADER = "$(TEST_HOST)";
				CODE_SIGN_STYLE = Automatic;
				DEVELOPMENT_TEAM = XU4A9HU47G;
				INFOPLIST_FILE = FlixTests/Info.plist;
				IPHONEOS_DEPLOYMENT_TARGET = 14.5;
				LD_RUNPATH_SEARCH_PATHS = (
					"$(inherited)",
					"@executable_path/Frameworks",
					"@loader_path/Frameworks",
				);
				PRODUCT_BUNDLE_IDENTIFIER = com.aalonge725.FlixTests;
				PRODUCT_NAME = "$(TARGET_NAME)";
				TARGETED_DEVICE_FAMILY = "1,2";
				TEST_HOST = "$(BUILT_PRODUCTS_DIR)/Flix.app/Flix";
			};
			name = Release;
		};
		F6F393FE268391E1002BCD4E /* Debug */ = {
			isa = XCBuildConfiguration;
			baseConfigurationReference = DBFD4D04B863845B7B0A53EA /* Pods-Flix-FlixUITests.debug.xcconfig */;
			buildSettings = {
				CODE_SIGN_STYLE = Automatic;
				DEVELOPMENT_TEAM = XU4A9HU47G;
				INFOPLIST_FILE = FlixUITests/Info.plist;
				LD_RUNPATH_SEARCH_PATHS = (
					"$(inherited)",
					"@executable_path/Frameworks",
					"@loader_path/Frameworks",
				);
				PRODUCT_BUNDLE_IDENTIFIER = com.aalonge725.FlixUITests;
				PRODUCT_NAME = "$(TARGET_NAME)";
				TARGETED_DEVICE_FAMILY = "1,2";
				TEST_TARGET_NAME = Flix;
			};
			name = Debug;
		};
		F6F393FF268391E1002BCD4E /* Release */ = {
			isa = XCBuildConfiguration;
			baseConfigurationReference = 81C48C5275C87332E3FE2398 /* Pods-Flix-FlixUITests.release.xcconfig */;
			buildSettings = {
				CODE_SIGN_STYLE = Automatic;
				DEVELOPMENT_TEAM = XU4A9HU47G;
				INFOPLIST_FILE = FlixUITests/Info.plist;
				LD_RUNPATH_SEARCH_PATHS = (
					"$(inherited)",
					"@executable_path/Frameworks",
					"@loader_path/Frameworks",
				);
				PRODUCT_BUNDLE_IDENTIFIER = com.aalonge725.FlixUITests;
				PRODUCT_NAME = "$(TARGET_NAME)";
				TARGETED_DEVICE_FAMILY = "1,2";
				TEST_TARGET_NAME = Flix;
			};
			name = Release;
		};
/* End XCBuildConfiguration section */

/* Begin XCConfigurationList section */
		F6F393C3268391DF002BCD4E /* Build configuration list for PBXProject "Flix" */ = {
			isa = XCConfigurationList;
			buildConfigurations = (
				F6F393F5268391E1002BCD4E /* Debug */,
				F6F393F6268391E1002BCD4E /* Release */,
			);
			defaultConfigurationIsVisible = 0;
			defaultConfigurationName = Release;
		};
		F6F393F7268391E1002BCD4E /* Build configuration list for PBXNativeTarget "Flix" */ = {
			isa = XCConfigurationList;
			buildConfigurations = (
				F6F393F8268391E1002BCD4E /* Debug */,
				F6F393F9268391E1002BCD4E /* Release */,
			);
			defaultConfigurationIsVisible = 0;
			defaultConfigurationName = Release;
		};
		F6F393FA268391E1002BCD4E /* Build configuration list for PBXNativeTarget "FlixTests" */ = {
			isa = XCConfigurationList;
			buildConfigurations = (
				F6F393FB268391E1002BCD4E /* Debug */,
				F6F393FC268391E1002BCD4E /* Release */,
			);
			defaultConfigurationIsVisible = 0;
			defaultConfigurationName = Release;
		};
		F6F393FD268391E1002BCD4E /* Build configuration list for PBXNativeTarget "FlixUITests" */ = {
			isa = XCConfigurationList;
			buildConfigurations = (
				F6F393FE268391E1002BCD4E /* Debug */,
				F6F393FF268391E1002BCD4E /* Release */,
			);
			defaultConfigurationIsVisible = 0;
			defaultConfigurationName = Release;
		};
/* End XCConfigurationList section */
	};
	rootObject = F6F393C0268391DF002BCD4E /* Project object */;
}
